
Microsoft Visual Studio Solution File, Format Version 12.00
# Visual Studio Version 16
VisualStudioVersion = 16.0.32510.428
MinimumVisualStudioVersion = 10.0.40219.1
Project("{8BC9CEB8-8B4A-11D0-8D11-00A0C91BC942}") = "App_CNN_Cls_1", "App_CNN_Cls_1.vcxproj", "{5F5F5DE1-133C-424A-816B-7021F4BED307}"
EndProject
Global
	GlobalSection(SolutionConfigurationPlatforms) = preSolution
		Debug|x64 = Debug|x64
		Release|x64 = Release|x64
	EndGlobalSection
	GlobalSection(ProjectConfigurationPlatforms) = postSolution
		{5F5F5DE1-133C-424A-816B-7021F4BED307}.Debug|x64.ActiveCfg = Debug|x64
		{5F5F5DE1-133C-424A-816B-7021F4BED307}.Debug|x64.Build.0 = Debug|x64
		{5F5F5DE1-133C-424A-816B-7021F4BED307}.Release|x64.ActiveCfg = Release|x64
		{5F5F5DE1-133C-424A-816B-7021F4BED307}.Release|x64.Build.0 = Release|x64
	EndGlobalSection
	GlobalSection(SolutionProperties) = preSolution
		HideSolutionNode = FALSE
	EndGlobalSection
	GlobalSection(ExtensibilityGlobals) = postSolution
		SolutionGuid = {2371B41C-C699-421E-9AD7-60F0D6C08EBC}
	EndGlobalSection
EndGlobal
